
Microsoft Visual Studio Solution File, Format Version 12.00
# Visual Studio Version 17
VisualStudioVersion = 17.8.34408.163
MinimumVisualStudioVersion = 10.0.40219.1
Project("{FAE04EC0-301F-11D3-BF4B-00C04F79EFBC}") = "ReservationManager", "ReservationManager.csproj", "{CED94150-1581-4EC4-90CC-693D8A96D30A}"
EndProject
Global
	GlobalSection(SolutionConfigurationPlatforms) = preSolution
		Debug|Any CPU = Debug|Any CPU
		Release|Any CPU = Release|Any CPU
	EndGlobalSection
	GlobalSection(ProjectConfigurationPlatforms) = postSolution
		{CED94150-1581-4EC4-90CC-693D8A96D30A}.Debug|Any CPU.ActiveCfg = Debug|Any CPU
		{CED94150-1581-4EC4-90CC-693D8A96D30A}.Debug|Any CPU.Build.0 = Debug|Any CPU
		{CED94150-1581-4EC4-90CC-693D8A96D30A}.Release|Any CPU.ActiveCfg = Release|Any CPU
		{CED94150-1581-4EC4-90CC-693D8A96D30A}.Release|Any CPU.Build.0 = Release|Any CPU
	EndGlobalSection
	GlobalSection(SolutionProperties) = preSolution
		HideSolutionNode = FALSE
	EndGlobalSection
	GlobalSection(ExtensibilityGlobals) = postSolution
		SolutionGuid = {560753E7-D077-45C2-AC8A-19DB9F888749}
	EndGlobalSection
EndGlobal
